// !$*UTF8*$!
{
	archiveVersion = 1;
	classes = {
	};
	objectVersion = 48;
	objects = {

/* Begin PBXBuildFile section */
		0725EE13200DC29500EAA7EE /* AppDelegate.swift in Sources */ = {isa = PBXBuildFile; fileRef = 0725EE12200DC29500EAA7EE /* AppDelegate.swift */; };
		0725EE15200DC29500EAA7EE /* TabBarViewController.swift in Sources */ = {isa = PBXBuildFile; fileRef = 0725EE14200DC29500EAA7EE /* TabBarViewController.swift */; };
		0725EE18200DC29500EAA7EE /* Main.storyboard in Resources */ = {isa = PBXBuildFile; fileRef = 0725EE16200DC29500EAA7EE /* Main.storyboard */; };
		0725EE1A200DC29500EAA7EE /* Assets.xcassets in Resources */ = {isa = PBXBuildFile; fileRef = 0725EE19200DC29500EAA7EE /* Assets.xcassets */; };
		0725EE1D200DC29500EAA7EE /* LaunchScreen.storyboard in Resources */ = {isa = PBXBuildFile; fileRef = 0725EE1B200DC29500EAA7EE /* LaunchScreen.storyboard */; };
		0725EE2C200E9D6700EAA7EE /* ExploreViewController.swift in Sources */ = {isa = PBXBuildFile; fileRef = 0725EE2B200E9D6700EAA7EE /* ExploreViewController.swift */; };
		0725EE2E200E9D7400EAA7EE /* SearchViewController.swift in Sources */ = {isa = PBXBuildFile; fileRef = 0725EE2D200E9D7400EAA7EE /* SearchViewController.swift */; };
		0725EE31200E9D8F00EAA7EE /* BookmarksViewController.swift in Sources */ = {isa = PBXBuildFile; fileRef = 0725EE30200E9D8F00EAA7EE /* BookmarksViewController.swift */; };
		0725EE33200E9D9B00EAA7EE /* SettingsViewController.swift in Sources */ = {isa = PBXBuildFile; fileRef = 0725EE32200E9D9B00EAA7EE /* SettingsViewController.swift */; };
		0725EE35200EA31B00EAA7EE /* Article.swift in Sources */ = {isa = PBXBuildFile; fileRef = 0725EE34200EA31B00EAA7EE /* Article.swift */; };
		0725EE37200EA32900EAA7EE /* Topic.swift in Sources */ = {isa = PBXBuildFile; fileRef = 0725EE36200EA32900EAA7EE /* Topic.swift */; };
		0725EE39200EA33400EAA7EE /* Category.swift in Sources */ = {isa = PBXBuildFile; fileRef = 0725EE38200EA33400EAA7EE /* Category.swift */; };
		0725EE3B200EA64200EAA7EE /* GoogleService-Info.plist in Resources */ = {isa = PBXBuildFile; fileRef = 0725EE3A200EA64100EAA7EE /* GoogleService-Info.plist */; };
		0725EE41200ECDAA00EAA7EE /* index.plist in Resources */ = {isa = PBXBuildFile; fileRef = 0725EE40200ECDA900EAA7EE /* index.plist */; };
		0725EE43200ED2C700EAA7EE /* DataExtension.swift in Sources */ = {isa = PBXBuildFile; fileRef = 0725EE42200ED2C700EAA7EE /* DataExtension.swift */; };
		0725EE45200ED44600EAA7EE /* TopicViewController.swift in Sources */ = {isa = PBXBuildFile; fileRef = 0725EE44200ED44600EAA7EE /* TopicViewController.swift */; };
		0725EE47200ED46B00EAA7EE /* ArticleViewController.swift in Sources */ = {isa = PBXBuildFile; fileRef = 0725EE46200ED46B00EAA7EE /* ArticleViewController.swift */; };
		0725EE4B200EE00300EAA7EE /* Content.swift in Sources */ = {isa = PBXBuildFile; fileRef = 0725EE4A200EE00300EAA7EE /* Content.swift */; };
		0725EE57200FE7A400EAA7EE /* CategoryRow.swift in Sources */ = {isa = PBXBuildFile; fileRef = 0725EE56200FE7A400EAA7EE /* CategoryRow.swift */; };
		0725EE59200FFA4300EAA7EE /* TopicCollectionViewCell.swift in Sources */ = {isa = PBXBuildFile; fileRef = 0725EE58200FFA4300EAA7EE /* TopicCollectionViewCell.swift */; };
		075A3605201036F00097FEA0 /* ArticleTableViewCell.swift in Sources */ = {isa = PBXBuildFile; fileRef = 075A3604201036F00097FEA0 /* ArticleTableViewCell.swift */; };
		075A360720107D7A0097FEA0 /* Bookmarks.swift in Sources */ = {isa = PBXBuildFile; fileRef = 075A360620107D7A0097FEA0 /* Bookmarks.swift */; };
		075A36092010F8BB0097FEA0 /* BookmarksTableViewCell.swift in Sources */ = {isa = PBXBuildFile; fileRef = 075A36082010F8BB0097FEA0 /* BookmarksTableViewCell.swift */; };
		075A360B2011242E0097FEA0 /* SearchIndex.swift in Sources */ = {isa = PBXBuildFile; fileRef = 075A360A2011242E0097FEA0 /* SearchIndex.swift */; };
		075A360D201153DA0097FEA0 /* Trie.swift in Sources */ = {isa = PBXBuildFile; fileRef = 075A360C201153DA0097FEA0 /* Trie.swift */; };
		A746F0A4103D14C27863EDA4 /* Pods_AlgorithmHelper.framework in Frameworks */ = {isa = PBXBuildFile; fileRef = DD69DBE6B45C570A35E69C80 /* Pods_AlgorithmHelper.framework */; };
/* End PBXBuildFile section */

/* Begin PBXFileReference section */
		0725EE0F200DC29500EAA7EE /* AlgorithmHelper.app */ = {isa = PBXFileReference; explicitFileType = wrapper.application; includeInIndex = 0; path = AlgorithmHelper.app; sourceTree = BUILT_PRODUCTS_DIR; };
		0725EE12200DC29500EAA7EE /* AppDelegate.swift */ = {isa = PBXFileReference; lastKnownFileType = sourcecode.swift; path = AppDelegate.swift; sourceTree = "<group>"; };
		0725EE14200DC29500EAA7EE /* TabBarViewController.swift */ = {isa = PBXFileReference; lastKnownFileType = sourcecode.swift; path = TabBarViewController.swift; sourceTree = "<group>"; };
		0725EE17200DC29500EAA7EE /* Base */ = {isa = PBXFileReference; lastKnownFileType = file.storyboard; name = Base; path = Base.lproj/Main.storyboard; sourceTree = "<group>"; };
		0725EE19200DC29500EAA7EE /* Assets.xcassets */ = {isa = PBXFileReference; lastKnownFileType = folder.assetcatalog; path = Assets.xcassets; sourceTree = "<group>"; };
		0725EE1C200DC29500EAA7EE /* Base */ = {isa = PBXFileReference; lastKnownFileType = file.storyboard; name = Base; path = Base.lproj/LaunchScreen.storyboard; sourceTree = "<group>"; };
		0725EE1E200DC29500EAA7EE /* Info.plist */ = {isa = PBXFileReference; lastKnownFileType = text.plist.xml; path = Info.plist; sourceTree = "<group>"; };
		0725EE2B200E9D6700EAA7EE /* ExploreViewController.swift */ = {isa = PBXFileReference; lastKnownFileType = sourcecode.swift; path = ExploreViewController.swift; sourceTree = "<group>"; };
		0725EE2D200E9D7400EAA7EE /* SearchViewController.swift */ = {isa = PBXFileReference; lastKnownFileType = sourcecode.swift; path = SearchViewController.swift; sourceTree = "<group>"; };
		0725EE30200E9D8F00EAA7EE /* BookmarksViewController.swift */ = {isa = PBXFileReference; lastKnownFileType = sourcecode.swift; path = BookmarksViewController.swift; sourceTree = "<group>"; };
		0725EE32200E9D9B00EAA7EE /* SettingsViewController.swift */ = {isa = PBXFileReference; lastKnownFileType = sourcecode.swift; path = SettingsViewController.swift; sourceTree = "<group>"; };
		0725EE34200EA31B00EAA7EE /* Article.swift */ = {isa = PBXFileReference; lastKnownFileType = sourcecode.swift; path = Article.swift; sourceTree = "<group>"; };
		0725EE36200EA32900EAA7EE /* Topic.swift */ = {isa = PBXFileReference; lastKnownFileType = sourcecode.swift; path = Topic.swift; sourceTree = "<group>"; };
		0725EE38200EA33400EAA7EE /* Category.swift */ = {isa = PBXFileReference; lastKnownFileType = sourcecode.swift; path = Category.swift; sourceTree = "<group>"; };
		0725EE3A200EA64100EAA7EE /* GoogleService-Info.plist */ = {isa = PBXFileReference; fileEncoding = 4; lastKnownFileType = text.plist.xml; path = "GoogleService-Info.plist"; sourceTree = "<group>"; };
		0725EE40200ECDA900EAA7EE /* index.plist */ = {isa = PBXFileReference; fileEncoding = 4; lastKnownFileType = text.plist.xml; path = index.plist; sourceTree = "<group>"; };
		0725EE42200ED2C700EAA7EE /* DataExtension.swift */ = {isa = PBXFileReference; lastKnownFileType = sourcecode.swift; path = DataExtension.swift; sourceTree = "<group>"; };
		0725EE44200ED44600EAA7EE /* TopicViewController.swift */ = {isa = PBXFileReference; lastKnownFileType = sourcecode.swift; path = TopicViewController.swift; sourceTree = "<group>"; };
		0725EE46200ED46B00EAA7EE /* ArticleViewController.swift */ = {isa = PBXFileReference; lastKnownFileType = sourcecode.swift; path = ArticleViewController.swift; sourceTree = "<group>"; };
		0725EE4A200EE00300EAA7EE /* Content.swift */ = {isa = PBXFileReference; lastKnownFileType = sourcecode.swift; path = Content.swift; sourceTree = "<group>"; };
		0725EE56200FE7A400EAA7EE /* CategoryRow.swift */ = {isa = PBXFileReference; lastKnownFileType = sourcecode.swift; path = CategoryRow.swift; sourceTree = "<group>"; };
		0725EE58200FFA4300EAA7EE /* TopicCollectionViewCell.swift */ = {isa = PBXFileReference; lastKnownFileType = sourcecode.swift; path = TopicCollectionViewCell.swift; sourceTree = "<group>"; };
		075A3604201036F00097FEA0 /* ArticleTableViewCell.swift */ = {isa = PBXFileReference; lastKnownFileType = sourcecode.swift; path = ArticleTableViewCell.swift; sourceTree = "<group>"; };
		075A360620107D7A0097FEA0 /* Bookmarks.swift */ = {isa = PBXFileReference; lastKnownFileType = sourcecode.swift; path = Bookmarks.swift; sourceTree = "<group>"; };
		075A36082010F8BB0097FEA0 /* BookmarksTableViewCell.swift */ = {isa = PBXFileReference; lastKnownFileType = sourcecode.swift; path = BookmarksTableViewCell.swift; sourceTree = "<group>"; };
		075A360A2011242E0097FEA0 /* SearchIndex.swift */ = {isa = PBXFileReference; lastKnownFileType = sourcecode.swift; path = SearchIndex.swift; sourceTree = "<group>"; };
		075A360C201153DA0097FEA0 /* Trie.swift */ = {isa = PBXFileReference; lastKnownFileType = sourcecode.swift; path = Trie.swift; sourceTree = "<group>"; };
		A12FAEEB7A91614301891A81 /* Pods-AlgorithmHelper.release.xcconfig */ = {isa = PBXFileReference; includeInIndex = 1; lastKnownFileType = text.xcconfig; name = "Pods-AlgorithmHelper.release.xcconfig"; path = "Pods/Target Support Files/Pods-AlgorithmHelper/Pods-AlgorithmHelper.release.xcconfig"; sourceTree = "<group>"; };
		DD69DBE6B45C570A35E69C80 /* Pods_AlgorithmHelper.framework */ = {isa = PBXFileReference; explicitFileType = wrapper.framework; includeInIndex = 0; path = Pods_AlgorithmHelper.framework; sourceTree = BUILT_PRODUCTS_DIR; };
		F3C84D3F8FE71315C75F7B70 /* Pods-AlgorithmHelper.debug.xcconfig */ = {isa = PBXFileReference; includeInIndex = 1; lastKnownFileType = text.xcconfig; name = "Pods-AlgorithmHelper.debug.xcconfig"; path = "Pods/Target Support Files/Pods-AlgorithmHelper/Pods-AlgorithmHelper.debug.xcconfig"; sourceTree = "<group>"; };
/* End PBXFileReference section */

/* Begin PBXFrameworksBuildPhase section */
		0725EE0C200DC29500EAA7EE /* Frameworks */ = {
			isa = PBXFrameworksBuildPhase;
			buildActionMask = 2147483647;
			files = (
				A746F0A4103D14C27863EDA4 /* Pods_AlgorithmHelper.framework in Frameworks */,
			);
			runOnlyForDeploymentPostprocessing = 0;
		};
/* End PBXFrameworksBuildPhase section */

/* Begin PBXGroup section */
		0725EE06200DC29500EAA7EE = {
			isa = PBXGroup;
			children = (
				0725EE11200DC29500EAA7EE /* AlgorithmHelper */,
				0725EE10200DC29500EAA7EE /* Products */,
				EA78D700A8440106A58EFB5C /* Pods */,
				57AFAA8B62783377514F66D6 /* Frameworks */,
			);
			sourceTree = "<group>";
		};
		0725EE10200DC29500EAA7EE /* Products */ = {
			isa = PBXGroup;
			children = (
				0725EE0F200DC29500EAA7EE /* AlgorithmHelper.app */,
			);
			name = Products;
			sourceTree = "<group>";
		};
		0725EE11200DC29500EAA7EE /* AlgorithmHelper */ = {
			isa = PBXGroup;
			children = (
				0725EE3A200EA64100EAA7EE /* GoogleService-Info.plist */,
				0725EE3D200EC7EB00EAA7EE /* Resources */,
				0725EE1E200DC29500EAA7EE /* Info.plist */,
				0725EE26200DC2A400EAA7EE /* Controller */,
				0725EE25200DC2A100EAA7EE /* View */,
				0725EE24200DC29D00EAA7EE /* Model */,
				0725EE12200DC29500EAA7EE /* AppDelegate.swift */,
				0725EE19200DC29500EAA7EE /* Assets.xcassets */,
			);
			path = AlgorithmHelper;
			sourceTree = "<group>";
		};
		0725EE24200DC29D00EAA7EE /* Model */ = {
			isa = PBXGroup;
			children = (
				0725EE34200EA31B00EAA7EE /* Article.swift */,
				0725EE36200EA32900EAA7EE /* Topic.swift */,
				0725EE38200EA33400EAA7EE /* Category.swift */,
			);
			path = Model;
			sourceTree = "<group>";
		};
		0725EE25200DC2A100EAA7EE /* View */ = {
			isa = PBXGroup;
			children = (
				0725EE1B200DC29500EAA7EE /* LaunchScreen.storyboard */,
				0725EE16200DC29500EAA7EE /* Main.storyboard */,
			);
			path = View;
			sourceTree = "<group>";
		};
		0725EE26200DC2A400EAA7EE /* Controller */ = {
			isa = PBXGroup;
			children = (
				0725EE14200DC29500EAA7EE /* TabBarViewController.swift */,
				0725EE2B200E9D6700EAA7EE /* ExploreViewController.swift */,
				0725EE2D200E9D7400EAA7EE /* SearchViewController.swift */,
				0725EE30200E9D8F00EAA7EE /* BookmarksViewController.swift */,
				0725EE32200E9D9B00EAA7EE /* SettingsViewController.swift */,
				0725EE42200ED2C700EAA7EE /* DataExtension.swift */,
				0725EE44200ED44600EAA7EE /* TopicViewController.swift */,
				0725EE46200ED46B00EAA7EE /* ArticleViewController.swift */,
				0725EE4A200EE00300EAA7EE /* Content.swift */,
				0725EE56200FE7A400EAA7EE /* CategoryRow.swift */,
				0725EE58200FFA4300EAA7EE /* TopicCollectionViewCell.swift */,
				075A3604201036F00097FEA0 /* ArticleTableViewCell.swift */,
				075A360620107D7A0097FEA0 /* Bookmarks.swift */,
				075A36082010F8BB0097FEA0 /* BookmarksTableViewCell.swift */,
				075A360A2011242E0097FEA0 /* SearchIndex.swift */,
				075A360C201153DA0097FEA0 /* Trie.swift */,
			);
			path = Controller;
			sourceTree = "<group>";
		};
		0725EE3D200EC7EB00EAA7EE /* Resources */ = {
			isa = PBXGroup;
			children = (
				0725EE40200ECDA900EAA7EE /* index.plist */,
			);
			path = Resources;
			sourceTree = "<group>";
		};
		57AFAA8B62783377514F66D6 /* Frameworks */ = {
			isa = PBXGroup;
			children = (
				DD69DBE6B45C570A35E69C80 /* Pods_AlgorithmHelper.framework */,
			);
			name = Frameworks;
			sourceTree = "<group>";
		};
		EA78D700A8440106A58EFB5C /* Pods */ = {
			isa = PBXGroup;
			children = (
				F3C84D3F8FE71315C75F7B70 /* Pods-AlgorithmHelper.debug.xcconfig */,
				A12FAEEB7A91614301891A81 /* Pods-AlgorithmHelper.release.xcconfig */,
			);
			name = Pods;
			sourceTree = "<group>";
		};
/* End PBXGroup section */

/* Begin PBXNativeTarget section */
		0725EE0E200DC29500EAA7EE /* AlgorithmHelper */ = {
			isa = PBXNativeTarget;
			buildConfigurationList = 0725EE21200DC29500EAA7EE /* Build configuration list for PBXNativeTarget "AlgorithmHelper" */;
			buildPhases = (
				A4DFA25BBB889BFC75C5F73C /* [CP] Check Pods Manifest.lock */,
				0725EE0B200DC29500EAA7EE /* Sources */,
				0725EE0C200DC29500EAA7EE /* Frameworks */,
				0725EE0D200DC29500EAA7EE /* Resources */,
				2BF4C7DC0C9B8E984F08AD48 /* [CP] Embed Pods Frameworks */,
				FD2003C8D5A1531756FC9C20 /* [CP] Copy Pods Resources */,
			);
			buildRules = (
			);
			dependencies = (
			);
			name = AlgorithmHelper;
			productName = AlgorithmHelper;
			productReference = 0725EE0F200DC29500EAA7EE /* AlgorithmHelper.app */;
			productType = "com.apple.product-type.application";
		};
/* End PBXNativeTarget section */

/* Begin PBXProject section */
		0725EE07200DC29500EAA7EE /* Project object */ = {
			isa = PBXProject;
			attributes = {
				LastSwiftUpdateCheck = 0920;
				LastUpgradeCheck = 0920;
				ORGANIZATIONNAME = "Eric Liu";
				TargetAttributes = {
					0725EE0E200DC29500EAA7EE = {
						CreatedOnToolsVersion = 9.2;
						ProvisioningStyle = Automatic;
					};
				};
			};
			buildConfigurationList = 0725EE0A200DC29500EAA7EE /* Build configuration list for PBXProject "AlgorithmHelper" */;
			compatibilityVersion = "Xcode 8.0";
			developmentRegion = en;
			hasScannedForEncodings = 0;
			knownRegions = (
				en,
				Base,
			);
			mainGroup = 0725EE06200DC29500EAA7EE;
			productRefGroup = 0725EE10200DC29500EAA7EE /* Products */;
			projectDirPath = "";
			projectRoot = "";
			targets = (
				0725EE0E200DC29500EAA7EE /* AlgorithmHelper */,
			);
		};
/* End PBXProject section */

/* Begin PBXResourcesBuildPhase section */
		0725EE0D200DC29500EAA7EE /* Resources */ = {
			isa = PBXResourcesBuildPhase;
			buildActionMask = 2147483647;
			files = (
				0725EE1D200DC29500EAA7EE /* LaunchScreen.storyboard in Resources */,
				0725EE3B200EA64200EAA7EE /* GoogleService-Info.plist in Resources */,
				0725EE1A200DC29500EAA7EE /* Assets.xcassets in Resources */,
				0725EE18200DC29500EAA7EE /* Main.storyboard in Resources */,
				0725EE41200ECDAA00EAA7EE /* index.plist in Resources */,
			);
			runOnlyForDeploymentPostprocessing = 0;
		};
/* End PBXResourcesBuildPhase section */

/* Begin PBXShellScriptBuildPhase section */
		2BF4C7DC0C9B8E984F08AD48 /* [CP] Embed Pods Frameworks */ = {
			isa = PBXShellScriptBuildPhase;
			buildActionMask = 2147483647;
			files = (
			);
			inputPaths = (
				"${SRCROOT}/Pods/Target Support Files/Pods-AlgorithmHelper/Pods-AlgorithmHelper-frameworks.sh",
				"${BUILT_PRODUCTS_DIR}/ChameleonFramework/ChameleonFramework.framework",
				"${BUILT_PRODUCTS_DIR}/Down/Down.framework",
				"${BUILT_PRODUCTS_DIR}/GTMSessionFetcher/GTMSessionFetcher.framework",
				"${BUILT_PRODUCTS_DIR}/GoogleToolboxForMac/GoogleToolboxForMac.framework",
				"${BUILT_PRODUCTS_DIR}/SVProgressHUD/SVProgressHUD.framework",
				"${BUILT_PRODUCTS_DIR}/leveldb-library/leveldb.framework",
				"${BUILT_PRODUCTS_DIR}/nanopb/nanopb.framework",
			);
			name = "[CP] Embed Pods Frameworks";
			outputPaths = (
				"${TARGET_BUILD_DIR}/${FRAMEWORKS_FOLDER_PATH}/ChameleonFramework.framework",
				"${TARGET_BUILD_DIR}/${FRAMEWORKS_FOLDER_PATH}/Down.framework",
				"${TARGET_BUILD_DIR}/${FRAMEWORKS_FOLDER_PATH}/GTMSessionFetcher.framework",
				"${TARGET_BUILD_DIR}/${FRAMEWORKS_FOLDER_PATH}/GoogleToolboxForMac.framework",
				"${TARGET_BUILD_DIR}/${FRAMEWORKS_FOLDER_PATH}/SVProgressHUD.framework",
				"${TARGET_BUILD_DIR}/${FRAMEWORKS_FOLDER_PATH}/leveldb.framework",
				"${TARGET_BUILD_DIR}/${FRAMEWORKS_FOLDER_PATH}/nanopb.framework",
			);
			runOnlyForDeploymentPostprocessing = 0;
			shellPath = /bin/sh;
			shellScript = "\"${SRCROOT}/Pods/Target Support Files/Pods-AlgorithmHelper/Pods-AlgorithmHelper-frameworks.sh\"\n";
			showEnvVarsInLog = 0;
		};
		A4DFA25BBB889BFC75C5F73C /* [CP] Check Pods Manifest.lock */ = {
			isa = PBXShellScriptBuildPhase;
			buildActionMask = 2147483647;
			files = (
			);
			inputPaths = (
				"${PODS_PODFILE_DIR_PATH}/Podfile.lock",
				"${PODS_ROOT}/Manifest.lock",
			);
			name = "[CP] Check Pods Manifest.lock";
			outputPaths = (
				"$(DERIVED_FILE_DIR)/Pods-AlgorithmHelper-checkManifestLockResult.txt",
			);
			runOnlyForDeploymentPostprocessing = 0;
			shellPath = /bin/sh;
			shellScript = "diff \"${PODS_PODFILE_DIR_PATH}/Podfile.lock\" \"${PODS_ROOT}/Manifest.lock\" > /dev/null\nif [ $? != 0 ] ; then\n    # print error to STDERR\n    echo \"error: The sandbox is not in sync with the Podfile.lock. Run 'pod install' or update your CocoaPods installation.\" >&2\n    exit 1\nfi\n# This output is used by Xcode 'outputs' to avoid re-running this script phase.\necho \"SUCCESS\" > \"${SCRIPT_OUTPUT_FILE_0}\"\n";
			showEnvVarsInLog = 0;
		};
		FD2003C8D5A1531756FC9C20 /* [CP] Copy Pods Resources */ = {
			isa = PBXShellScriptBuildPhase;
			buildActionMask = 2147483647;
			files = (
			);
			inputPaths = (
			);
			name = "[CP] Copy Pods Resources";
			outputPaths = (
			);
			runOnlyForDeploymentPostprocessing = 0;
			shellPath = /bin/sh;
			shellScript = "\"${SRCROOT}/Pods/Target Support Files/Pods-AlgorithmHelper/Pods-AlgorithmHelper-resources.sh\"\n";
			showEnvVarsInLog = 0;
		};
/* End PBXShellScriptBuildPhase section */

/* Begin PBXSourcesBuildPhase section */
		0725EE0B200DC29500EAA7EE /* Sources */ = {
			isa = PBXSourcesBuildPhase;
			buildActionMask = 2147483647;
			files = (
				0725EE35200EA31B00EAA7EE /* Article.swift in Sources */,
				0725EE47200ED46B00EAA7EE /* ArticleViewController.swift in Sources */,
				075A360B2011242E0097FEA0 /* SearchIndex.swift in Sources */,
				0725EE31200E9D8F00EAA7EE /* BookmarksViewController.swift in Sources */,
				0725EE4B200EE00300EAA7EE /* Content.swift in Sources */,
				075A360D201153DA0097FEA0 /* Trie.swift in Sources */,
				0725EE57200FE7A400EAA7EE /* CategoryRow.swift in Sources */,
				0725EE15200DC29500EAA7EE /* TabBarViewController.swift in Sources */,
				075A360720107D7A0097FEA0 /* Bookmarks.swift in Sources */,
				0725EE13200DC29500EAA7EE /* AppDelegate.swift in Sources */,
				0725EE2E200E9D7400EAA7EE /* SearchViewController.swift in Sources */,
				075A3605201036F00097FEA0 /* ArticleTableViewCell.swift in Sources */,
				0725EE39200EA33400EAA7EE /* Category.swift in Sources */,
				075A36092010F8BB0097FEA0 /* BookmarksTableViewCell.swift in Sources */,
				0725EE37200EA32900EAA7EE /* Topic.swift in Sources */,
				0725EE2C200E9D6700EAA7EE /* ExploreViewController.swift in Sources */,
				0725EE33200E9D9B00EAA7EE /* SettingsViewController.swift in Sources */,
				0725EE43200ED2C700EAA7EE /* DataExtension.swift in Sources */,
				0725EE45200ED44600EAA7EE /* TopicViewController.swift in Sources */,
				0725EE59200FFA4300EAA7EE /* TopicCollectionViewCell.swift in Sources */,
			);
			runOnlyForDeploymentPostprocessing = 0;
		};
/* End PBXSourcesBuildPhase section */

/* Begin PBXVariantGroup section */
		0725EE16200DC29500EAA7EE /* Main.storyboard */ = {
			isa = PBXVariantGroup;
			children = (
				0725EE17200DC29500EAA7EE /* Base */,
			);
			name = Main.storyboard;
			sourceTree = "<group>";
		};
		0725EE1B200DC29500EAA7EE /* LaunchScreen.storyboard */ = {
			isa = PBXVariantGroup;
			children = (
				0725EE1C200DC29500EAA7EE /* Base */,
			);
			name = LaunchScreen.storyboard;
			sourceTree = "<group>";
		};
/* End PBXVariantGroup section */

/* Begin XCBuildConfiguration section */
		0725EE1F200DC29500EAA7EE /* Debug */ = {
			isa = XCBuildConfiguration;
			buildSettings = {
				ALWAYS_SEARCH_USER_PATHS = NO;
				CLANG_ANALYZER_NONNULL = YES;
				CLANG_ANALYZER_NUMBER_OBJECT_CONVERSION = YES_AGGRESSIVE;
				CLANG_CXX_LANGUAGE_STANDARD = "gnu++14";
				CLANG_CXX_LIBRARY = "libc++";
				CLANG_ENABLE_MODULES = YES;
				CLANG_ENABLE_OBJC_ARC = YES;
				CLANG_WARN_BLOCK_CAPTURE_AUTORELEASING = YES;
				CLANG_WARN_BOOL_CONVERSION = YES;
				CLANG_WARN_COMMA = YES;
				CLANG_WARN_CONSTANT_CONVERSION = YES;
				CLANG_WARN_DIRECT_OBJC_ISA_USAGE = YES_ERROR;
				CLANG_WARN_DOCUMENTATION_COMMENTS = YES;
				CLANG_WARN_EMPTY_BODY = YES;
				CLANG_WARN_ENUM_CONVERSION = YES;
				CLANG_WARN_INFINITE_RECURSION = YES;
				CLANG_WARN_INT_CONVERSION = YES;
				CLANG_WARN_NON_LITERAL_NULL_CONVERSION = YES;
				CLANG_WARN_OBJC_LITERAL_CONVERSION = YES;
				CLANG_WARN_OBJC_ROOT_CLASS = YES_ERROR;
				CLANG_WARN_RANGE_LOOP_ANALYSIS = YES;
				CLANG_WARN_STRICT_PROTOTYPES = YES;
				CLANG_WARN_SUSPICIOUS_MOVE = YES;
				CLANG_WARN_UNGUARDED_AVAILABILITY = YES_AGGRESSIVE;
				CLANG_WARN_UNREACHABLE_CODE = YES;
				CLANG_WARN__DUPLICATE_METHOD_MATCH = YES;
				CODE_SIGN_IDENTITY = "iPhone Developer";
				COPY_PHASE_STRIP = NO;
				DEBUG_INFORMATION_FORMAT = dwarf;
				ENABLE_STRICT_OBJC_MSGSEND = YES;
				ENABLE_TESTABILITY = YES;
				GCC_C_LANGUAGE_STANDARD = gnu11;
				GCC_DYNAMIC_NO_PIC = NO;
				GCC_NO_COMMON_BLOCKS = YES;
				GCC_OPTIMIZATION_LEVEL = 0;
				GCC_PREPROCESSOR_DEFINITIONS = (
					"DEBUG=1",
					"$(inherited)",
				);
				GCC_WARN_64_TO_32_BIT_CONVERSION = YES;
				GCC_WARN_ABOUT_RETURN_TYPE = YES_ERROR;
				GCC_WARN_UNDECLARED_SELECTOR = YES;
				GCC_WARN_UNINITIALIZED_AUTOS = YES_AGGRESSIVE;
				GCC_WARN_UNUSED_FUNCTION = YES;
				GCC_WARN_UNUSED_VARIABLE = YES;
				IPHONEOS_DEPLOYMENT_TARGET = 11.2;
				MTL_ENABLE_DEBUG_INFO = YES;
				ONLY_ACTIVE_ARCH = YES;
				SDKROOT = iphoneos;
				SWIFT_ACTIVE_COMPILATION_CONDITIONS = DEBUG;
				SWIFT_OPTIMIZATION_LEVEL = "-Onone";
			};
			name = Debug;
		};
		0725EE20200DC29500EAA7EE /* Release */ = {
			isa = XCBuildConfiguration;
			buildSettings = {
				ALWAYS_SEARCH_USER_PATHS = NO;
				CLANG_ANALYZER_NONNULL = YES;
				CLANG_ANALYZER_NUMBER_OBJECT_CONVERSION = YES_AGGRESSIVE;
				CLANG_CXX_LANGUAGE_STANDARD = "gnu++14";
				CLANG_CXX_LIBRARY = "libc++";
				CLANG_ENABLE_MODULES = YES;
				CLANG_ENABLE_OBJC_ARC = YES;
				CLANG_WARN_BLOCK_CAPTURE_AUTORELEASING = YES;
				CLANG_WARN_BOOL_CONVERSION = YES;
				CLANG_WARN_COMMA = YES;
				CLANG_WARN_CONSTANT_CONVERSION = YES;
				CLANG_WARN_DIRECT_OBJC_ISA_USAGE = YES_ERROR;
				CLANG_WARN_DOCUMENTATION_COMMENTS = YES;
				CLANG_WARN_EMPTY_BODY = YES;
				CLANG_WARN_ENUM_CONVERSION = YES;
				CLANG_WARN_INFINITE_RECURSION = YES;
				CLANG_WARN_INT_CONVERSION = YES;
				CLANG_WARN_NON_LITERAL_NULL_CONVERSION = YES;
				CLANG_WARN_OBJC_LITERAL_CONVERSION = YES;
				CLANG_WARN_OBJC_ROOT_CLASS = YES_ERROR;
				CLANG_WARN_RANGE_LOOP_ANALYSIS = YES;
				CLANG_WARN_STRICT_PROTOTYPES = YES;
				CLANG_WARN_SUSPICIOUS_MOVE = YES;
				CLANG_WARN_UNGUARDED_AVAILABILITY = YES_AGGRESSIVE;
				CLANG_WARN_UNREACHABLE_CODE = YES;
				CLANG_WARN__DUPLICATE_METHOD_MATCH = YES;
				CODE_SIGN_IDENTITY = "iPhone Developer";
				COPY_PHASE_STRIP = NO;
				DEBUG_INFORMATION_FORMAT = "dwarf-with-dsym";
				ENABLE_NS_ASSERTIONS = NO;
				ENABLE_STRICT_OBJC_MSGSEND = YES;
				GCC_C_LANGUAGE_STANDARD = gnu11;
				GCC_NO_COMMON_BLOCKS = YES;
				GCC_WARN_64_TO_32_BIT_CONVERSION = YES;
				GCC_WARN_ABOUT_RETURN_TYPE = YES_ERROR;
				GCC_WARN_UNDECLARED_SELECTOR = YES;
				GCC_WARN_UNINITIALIZED_AUTOS = YES_AGGRESSIVE;
				GCC_WARN_UNUSED_FUNCTION = YES;
				GCC_WARN_UNUSED_VARIABLE = YES;
				IPHONEOS_DEPLOYMENT_TARGET = 11.2;
				MTL_ENABLE_DEBUG_INFO = NO;
				SDKROOT = iphoneos;
				SWIFT_OPTIMIZATION_LEVEL = "-Owholemodule";
				VALIDATE_PRODUCT = YES;
			};
			name = Release;
		};
		0725EE22200DC29500EAA7EE /* Debug */ = {
			isa = XCBuildConfiguration;
			baseConfigurationReference = F3C84D3F8FE71315C75F7B70 /* Pods-AlgorithmHelper.debug.xcconfig */;
			buildSettings = {
				ASSETCATALOG_COMPILER_APPICON_NAME = AppIcon;
				CODE_SIGN_STYLE = Automatic;
				DEVELOPMENT_TEAM = U8UNC2P9GS;
				INFOPLIST_FILE = AlgorithmHelper/Info.plist;
				LD_RUNPATH_SEARCH_PATHS = "$(inherited) @executable_path/Frameworks";
				PRODUCT_BUNDLE_IDENTIFIER = ca.ericliu.AlgorithmHelper;
				PRODUCT_NAME = "$(TARGET_NAME)";
				SWIFT_VERSION = 4.0;
				TARGETED_DEVICE_FAMILY = "1,2";
			};
			name = Debug;
		};
		0725EE23200DC29500EAA7EE /* Release */ = {
			isa = XCBuildConfiguration;
			baseConfigurationReference = A12FAEEB7A91614301891A81 /* Pods-AlgorithmHelper.release.xcconfig */;
			buildSettings = {
				ASSETCATALOG_COMPILER_APPICON_NAME = AppIcon;
				CODE_SIGN_STYLE = Automatic;
				DEVELOPMENT_TEAM = U8UNC2P9GS;
				INFOPLIST_FILE = AlgorithmHelper/Info.plist;
				LD_RUNPATH_SEARCH_PATHS = "$(inherited) @executable_path/Frameworks";
				PRODUCT_BUNDLE_IDENTIFIER = ca.ericliu.AlgorithmHelper;
				PRODUCT_NAME = "$(TARGET_NAME)";
				SWIFT_VERSION = 4.0;
				TARGETED_DEVICE_FAMILY = "1,2";
			};
			name = Release;
		};
/* End XCBuildConfiguration section */

/* Begin XCConfigurationList section */
		0725EE0A200DC29500EAA7EE /* Build configuration list for PBXProject "AlgorithmHelper" */ = {
			isa = XCConfigurationList;
			buildConfigurations = (
				0725EE1F200DC29500EAA7EE /* Debug */,
				0725EE20200DC29500EAA7EE /* Release */,
			);
			defaultConfigurationIsVisible = 0;
			defaultConfigurationName = Release;
		};
		0725EE21200DC29500EAA7EE /* Build configuration list for PBXNativeTarget "AlgorithmHelper" */ = {
			isa = XCConfigurationList;
			buildConfigurations = (
				0725EE22200DC29500EAA7EE /* Debug */,
				0725EE23200DC29500EAA7EE /* Release */,
			);
			defaultConfigurationIsVisible = 0;
			defaultConfigurationName = Release;
		};
/* End XCConfigurationList section */
	};
	rootObject = 0725EE07200DC29500EAA7EE /* Project object */;
}
